{
  "name": "nomad-stock-opencode-locked-runtime",
  "version": "1.0.0",
  "lockfileVersion": 3,
  "requires": true,
  "packages": {
    "": {
      "name": "nomad-stock-opencode-locked-runtime",
      "version": "1.0.0",
      "dependencies": {
        "opencode-ai": "1.18.16"
      }
    },
    "node_modules/opencode-ai": {
      "version": "1.18.16",
      "resolved": "https://registry.npmjs.org/opencode-ai/-/opencode-ai-1.18.16.tgz",
      "integrity": "sha512-l4nUfoucuw8u5WYU9my9Yz7lYpBI649i/ppgL0BGTjp/HC3p2jN50i331YpcGbKfGTEv9VG6mxU1+QZyaR5hxA==",
      "cpu": [
        "arm64",
        "x64"
      ],
      "hasInstallScript": true,
      "license": "MIT",
      "os": [
        "darwin",
        "linux",
        "win32"
      ],
      "bin": {
        "opencode": "bin/opencode.exe"
      },
      "optionalDependencies": {
        "opencode-darwin-arm64": "1.18.16",
        "opencode-darwin-x64": "1.18.16",
        "opencode-darwin-x64-baseline": "1.18.16",
        "opencode-linux-arm64": "1.18.16",
        "opencode-linux-arm64-musl": "1.18.16",
        "opencode-linux-x64": "1.18.16",
        "opencode-linux-x64-baseline": "1.18.16",
        "opencode-linux-x64-baseline-musl": "1.18.16",
        "opencode-linux-x64-musl": "1.18.16",
        "opencode-windows-arm64": "1.18.16",
        "opencode-windows-x64": "1.18.16",
        "opencode-windows-x64-baseline": "1.18.16"
      }
    },
    "node_modules/opencode-darwin-arm64": {
      "version": "1.18.16",
      "resolved": "https://registry.npmjs.org/opencode-darwin-arm64/-/opencode-darwin-arm64-1.18.16.tgz",
      "integrity": "sha512-/eEAcBOMOAv2c35s+1smy8+8VxGHOAbH8bIgcYdJJ8rJNMRMtSrdhsHFKsa/27oYbv1k/WHHU8XYddLvCoCXVw==",
      "cpu": [
        "arm64"
      ],
      "optional": true,
      "os": [
        "darwin"
      ]
    },
    "node_modules/opencode-darwin-x64": {
      "version": "1.18.16",
      "resolved": "https://registry.npmjs.org/opencode-darwin-x64/-/opencode-darwin-x64-1.18.16.tgz",
      "integrity": "sha512-mABJJ0+OX9ACWmfX49QNUDsU2PowqaInKQ4vzkAjSCX1V7fP1sD9AJGISn3eVrJNTZsB1oUbyeYjQeDMnzZK2g==",
      "cpu": [
        "x64"
      ],
      "optional": true,
      "os": [
        "darwin"
      ]
    },
    "node_modules/opencode-darwin-x64-baseline": {
      "version": "1.18.16",
      "resolved": "https://registry.npmjs.org/opencode-darwin-x64-baseline/-/opencode-darwin-x64-baseline-1.18.16.tgz",
      "integrity": "sha512-IxX00YOhWQ38f54ZR+g9bJTtRK7cUCKM7VzGaHbOgk8sfqAxNUJEhz1+BY/V0eODE76jh8lKM5Bjm/vqBno92Q==",
      "cpu": [
        "x64"
      ],
      "optional": true,
      "os": [
        "darwin"
      ]
    },
    "node_modules/opencode-linux-arm64": {
      "version": "1.18.16",
      "resolved": "https://registry.npmjs.org/opencode-linux-arm64/-/opencode-linux-arm64-1.18.16.tgz",
      "integrity": "sha512-0s32hDy72CBsT6sK7xsDUNKrACmylz5TIADHcYf8BXm7cHA/ry6fVNZ6r/RDtdQxRv6Hr47bynx+NJ8rm9SZAA==",
      "cpu": [
        "arm64"
      ],
      "optional": true,
      "os": [
        "linux"
      ]
    },
    "node_modules/opencode-linux-arm64-musl": {
      "version": "1.18.16",
      "resolved": "https://registry.npmjs.org/opencode-linux-arm64-musl/-/opencode-linux-arm64-musl-1.18.16.tgz",
      "integrity": "sha512-jWzJLJBjlDq8OHI9MAh+DNh6Prtl5P8ppWOoEACmYkh/ntKVfD4DWm2xRhCZ6Qada7v0OX6Dty/1b3fDRFhHgg==",
      "cpu": [
        "arm64"
      ],
      "libc": [
        "musl"
      ],
      "optional": true,
      "os": [
        "linux"
      ]
    },
    "node_modules/opencode-linux-x64": {
      "version": "1.18.16",
      "resolved": "https://registry.npmjs.org/opencode-linux-x64/-/opencode-linux-x64-1.18.16.tgz",
      "integrity": "sha512-eArnlUAhE3bqhaMXsypn14x49GsafuPS9oI6eH+rWZ2vrUCrKfKk/F7WOe/sFgp09gQU8yzFbGsZjDpWBFSCBg==",
      "cpu": [
        "x64"
      ],
      "optional": true,
      "os": [
        "linux"
      ]
    },
    "node_modules/opencode-linux-x64-baseline": {
      "version": "1.18.16",
      "resolved": "https://registry.npmjs.org/opencode-linux-x64-baseline/-/opencode-linux-x64-baseline-1.18.16.tgz",
      "integrity": "sha512-Lvm4XLm918etLz85Yh8CCTcCalLUjx3TA8KVq3S4+EfTNBJ3QOmUyLjGQPhuC2kw+5NvkQVV/mnVdCawxnJ6ng==",
      "cpu": [
        "x64"
      ],
      "optional": true,
      "os": [
        "linux"
      ]
    },
    "node_modules/opencode-linux-x64-baseline-musl": {
      "version": "1.18.16",
      "resolved": "https://registry.npmjs.org/opencode-linux-x64-baseline-musl/-/opencode-linux-x64-baseline-musl-1.18.16.tgz",
      "integrity": "sha512-tPJ+omujiwwr88bkz9eLqleD9sznTt9OGLq02uSbtSVw8XqSVR3EZVqByFa6wtbHGypKpkHww3i/JTaTYJRz8g==",
      "cpu": [
        "x64"
      ],
      "libc": [
        "musl"
      ],
      "optional": true,
      "os": [
        "linux"
      ]
    },
    "node_modules/opencode-linux-x64-musl": {
      "version": "1.18.16",
      "resolved": "https://registry.npmjs.org/opencode-linux-x64-musl/-/opencode-linux-x64-musl-1.18.16.tgz",
      "integrity": "sha512-ULqBV/MsG/0k/5+wkJbZvV9xzDy6Hl3DFD7YJwbHzhZ03CrivJozK7GnuAz6Zp+j466obPEaKdwr+nVdTbGiYA==",
      "cpu": [
        "x64"
      ],
      "libc": [
        "musl"
      ],
      "optional": true,
      "os": [
        "linux"
      ]
    },
    "node_modules/opencode-windows-arm64": {
      "version": "1.18.16",
      "resolved": "https://registry.npmjs.org/opencode-windows-arm64/-/opencode-windows-arm64-1.18.16.tgz",
      "integrity": "sha512-FZrB40RBm5gvv3Uv+WOSRlEHQsqcJ04t7B3yp/L6SFYU6T2UZQqvLwDF/TPT1C0//a8uAbfqUV1h26sTmsi4ow==",
      "cpu": [
        "arm64"
      ],
      "optional": true,
      "os": [
        "win32"
      ]
    },
    "node_modules/opencode-windows-x64": {
      "version": "1.18.16",
      "resolved": "https://registry.npmjs.org/opencode-windows-x64/-/opencode-windows-x64-1.18.16.tgz",
      "integrity": "sha512-edxKete10oR4fqRzh1usD1b8uCsxpPqt4Vm0nHHX2kuPe9toQVM2vA02U37gm7j3s/eBO7Lcjw15hKU1A56Lsw==",
      "cpu": [
        "x64"
      ],
      "optional": true,
      "os": [
        "win32"
      ]
    },
    "node_modules/opencode-windows-x64-baseline": {
      "version": "1.18.16",
      "resolved": "https://registry.npmjs.org/opencode-windows-x64-baseline/-/opencode-windows-x64-baseline-1.18.16.tgz",
      "integrity": "sha512-5ZnpdRq4KICElnb/OQ1PtufgmcxAYLILEJiu9rKJjAxTYjFEWMkpA6SRiU4LRbYzQn8LaHObDgxzt7bquA0OTw==",
      "cpu": [
        "x64"
      ],
      "optional": true,
      "os": [
        "win32"
      ]
    }
  }
}
